
Microsoft Visual Studio Solution File, Format Version 12.00
# Visual Studio Version 16
VisualStudioVersion = 16.0.31424.327
MinimumVisualStudioVersion = 10.0.40219.1
Project("{FAE04EC0-301F-11D3-BF4B-00C04F79EFBC}") = "WebApplication1", "WebApplication1\WebApplication1.csproj", "{DAF837A4-F3B5-4200-B2A1-27C135824A14}"
EndProject
Global
	GlobalSection(SolutionConfigurationPlatforms) = preSolution
		Debug|Any CPU = Debug|Any CPU
		Release|Any CPU = Release|Any CPU
	EndGlobalSection
	GlobalSection(ProjectConfigurationPlatforms) = postSolution
		{DAF837A4-F3B5-4200-B2A1-27C135824A14}.Debug|Any CPU.ActiveCfg = Debug|Any CPU
		{DAF837A4-F3B5-4200-B2A1-27C135824A14}.Debug|Any CPU.Build.0 = Debug|Any CPU
		{DAF837A4-F3B5-4200-B2A1-27C135824A14}.Release|Any CPU.ActiveCfg = Release|Any CPU
		{DAF837A4-F3B5-4200-B2A1-27C135824A14}.Release|Any CPU.Build.0 = Release|Any CPU
	EndGlobalSection
	GlobalSection(SolutionProperties) = preSolution
		HideSolutionNode = FALSE
	EndGlobalSection
	GlobalSection(ExtensibilityGlobals) = postSolution
		SolutionGuid = {9B4F22AE-185C-4FF7-B730-2A0C9DE10647}
	EndGlobalSection
EndGlobal
